# THIS IS AN AUTOGENERATED FILE. DO NOT EDIT THIS FILE DIRECTLY.
# yarn lockfile v1


is-thirteen@^2.0.0:
  version "2.0.0"
  resolved "https://registry.yarnpkg.com/is-thirteen/-/is-thirteen-2.0.0.tgz#a2dbd0f5ab7e10a4d0186e9a0b24263224d3f9b1"
  dependencies:
    noop3 "^13.7.2"

noop3@^13.7.2:
  version "13.8.1"
  resolved "https://registry.yarnpkg.com/noop3/-/noop3-13.8.1.tgz#0ae6414b6d7de3b6d85055cd2a920c1a0d61ad6e"
